// !$*UTF8*$!
{
	archiveVersion = 1;
	classes = {
	};
	objectVersion = 48;
	objects = {

/* Begin PBXBuildFile section */
		0F54328C1F9A021B007B8C3D /* HeroDetailViewController.swift in Sources */ = {isa = PBXBuildFile; fileRef = 0F54328B1F9A021B007B8C3D /* HeroDetailViewController.swift */; };
		0F7E503F1F98938800759B65 /* AppDelegate.swift in Sources */ = {isa = PBXBuildFile; fileRef = 0F7E503E1F98938800759B65 /* AppDelegate.swift */; };
		0F7E50411F98938800759B65 /* ViewController.swift in Sources */ = {isa = PBXBuildFile; fileRef = 0F7E50401F98938800759B65 /* ViewController.swift */; };
		0F7E50441F98938800759B65 /* Main.storyboard in Resources */ = {isa = PBXBuildFile; fileRef = 0F7E50421F98938800759B65 /* Main.storyboard */; };
		0F7E50461F98938800759B65 /* Assets.xcassets in Resources */ = {isa = PBXBuildFile; fileRef = 0F7E50451F98938800759B65 /* Assets.xcassets */; };
		0F7E50491F98938800759B65 /* LaunchScreen.storyboard in Resources */ = {isa = PBXBuildFile; fileRef = 0F7E50471F98938800759B65 /* LaunchScreen.storyboard */; };
		0F7E50551F98AFE200759B65 /* Constants.swift in Sources */ = {isa = PBXBuildFile; fileRef = 0F7E50541F98AFE200759B65 /* Constants.swift */; };
		0F7E50581F98B1F300759B65 /* People.swift in Sources */ = {isa = PBXBuildFile; fileRef = 0F7E50571F98B1F300759B65 /* People.swift */; };
		E4398F261FC5DC4B0086E41F /* PlanetDetailedController.swift in Sources */ = {isa = PBXBuildFile; fileRef = E4398F251FC5DC4B0086E41F /* PlanetDetailedController.swift */; };
		E462E93F1FBCC59600801F60 /* Planet.swift in Sources */ = {isa = PBXBuildFile; fileRef = E462E93E1FBCC59600801F60 /* Planet.swift */; };
		E462E9411FBCC62500801F60 /* ListPlanetController.swift in Sources */ = {isa = PBXBuildFile; fileRef = E462E9401FBCC62500801F60 /* ListPlanetController.swift */; };
		F121FEF96919CA1FF19CDB33 /* Pods_StarPedia.framework in Frameworks */ = {isa = PBXBuildFile; fileRef = F7285BDC4E22A7A3C4558D94 /* Pods_StarPedia.framework */; };
/* End PBXBuildFile section */

/* Begin PBXFileReference section */
		0F54328B1F9A021B007B8C3D /* HeroDetailViewController.swift */ = {isa = PBXFileReference; lastKnownFileType = sourcecode.swift; path = HeroDetailViewController.swift; sourceTree = "<group>"; };
		0F7E503B1F98938800759B65 /* StarPedia.app */ = {isa = PBXFileReference; explicitFileType = wrapper.application; includeInIndex = 0; path = StarPedia.app; sourceTree = BUILT_PRODUCTS_DIR; };
		0F7E503E1F98938800759B65 /* AppDelegate.swift */ = {isa = PBXFileReference; lastKnownFileType = sourcecode.swift; path = AppDelegate.swift; sourceTree = "<group>"; };
		0F7E50401F98938800759B65 /* ViewController.swift */ = {isa = PBXFileReference; lastKnownFileType = sourcecode.swift; path = ViewController.swift; sourceTree = "<group>"; };
		0F7E50431F98938800759B65 /* Base */ = {isa = PBXFileReference; lastKnownFileType = file.storyboard; name = Base; path = Base.lproj/Main.storyboard; sourceTree = "<group>"; };
		0F7E50451F98938800759B65 /* Assets.xcassets */ = {isa = PBXFileReference; lastKnownFileType = folder.assetcatalog; path = Assets.xcassets; sourceTree = "<group>"; };
		0F7E50481F98938800759B65 /* Base */ = {isa = PBXFileReference; lastKnownFileType = file.storyboard; name = Base; path = Base.lproj/LaunchScreen.storyboard; sourceTree = "<group>"; };
		0F7E504A1F98938800759B65 /* Info.plist */ = {isa = PBXFileReference; lastKnownFileType = text.plist.xml; path = Info.plist; sourceTree = "<group>"; };
		0F7E50541F98AFE200759B65 /* Constants.swift */ = {isa = PBXFileReference; lastKnownFileType = sourcecode.swift; path = Constants.swift; sourceTree = "<group>"; };
		0F7E50571F98B1F300759B65 /* People.swift */ = {isa = PBXFileReference; lastKnownFileType = sourcecode.swift; path = People.swift; sourceTree = "<group>"; };
		59BAF859255AF15B9C96F2CA /* Pods-StarPedia.release.xcconfig */ = {isa = PBXFileReference; includeInIndex = 1; lastKnownFileType = text.xcconfig; name = "Pods-StarPedia.release.xcconfig"; path = "Pods/Target Support Files/Pods-StarPedia/Pods-StarPedia.release.xcconfig"; sourceTree = "<group>"; };
		E4398F251FC5DC4B0086E41F /* PlanetDetailedController.swift */ = {isa = PBXFileReference; lastKnownFileType = sourcecode.swift; path = PlanetDetailedController.swift; sourceTree = "<group>"; };
		E462E93E1FBCC59600801F60 /* Planet.swift */ = {isa = PBXFileReference; lastKnownFileType = sourcecode.swift; path = Planet.swift; sourceTree = "<group>"; };
		E462E9401FBCC62500801F60 /* ListPlanetController.swift */ = {isa = PBXFileReference; lastKnownFileType = sourcecode.swift; path = ListPlanetController.swift; sourceTree = "<group>"; };
		EFCCD1A2381323A7DDDDBC44 /* Pods-StarPedia.debug.xcconfig */ = {isa = PBXFileReference; includeInIndex = 1; lastKnownFileType = text.xcconfig; name = "Pods-StarPedia.debug.xcconfig"; path = "Pods/Target Support Files/Pods-StarPedia/Pods-StarPedia.debug.xcconfig"; sourceTree = "<group>"; };
		F7285BDC4E22A7A3C4558D94 /* Pods_StarPedia.framework */ = {isa = PBXFileReference; explicitFileType = wrapper.framework; includeInIndex = 0; path = Pods_StarPedia.framework; sourceTree = BUILT_PRODUCTS_DIR; };
/* End PBXFileReference section */

/* Begin PBXFrameworksBuildPhase section */
		0F7E50381F98938800759B65 /* Frameworks */ = {
			isa = PBXFrameworksBuildPhase;
			buildActionMask = 2147483647;
			files = (
				F121FEF96919CA1FF19CDB33 /* Pods_StarPedia.framework in Frameworks */,
			);
			runOnlyForDeploymentPostprocessing = 0;
		};
/* End PBXFrameworksBuildPhase section */

/* Begin PBXGroup section */
		0F7E50321F98938700759B65 = {
			isa = PBXGroup;
			children = (
				0F7E503D1F98938800759B65 /* StarPedia */,
				0F7E503C1F98938800759B65 /* Products */,
				655187EFBBFCB1146FAB2F80 /* Pods */,
				F72F7D1D290228B9FB15FF3C /* Frameworks */,
			);
			sourceTree = "<group>";
		};
		0F7E503C1F98938800759B65 /* Products */ = {
			isa = PBXGroup;
			children = (
				0F7E503B1F98938800759B65 /* StarPedia.app */,
			);
			name = Products;
			sourceTree = "<group>";
		};
		0F7E503D1F98938800759B65 /* StarPedia */ = {
			isa = PBXGroup;
			children = (
				0F7E50531F98AA4700759B65 /* Controllers */,
				0F7E50521F98AA3500759B65 /* Models */,
				0F7E503E1F98938800759B65 /* AppDelegate.swift */,
				0F7E50541F98AFE200759B65 /* Constants.swift */,
				0F7E50421F98938800759B65 /* Main.storyboard */,
				0F7E50451F98938800759B65 /* Assets.xcassets */,
				0F7E50471F98938800759B65 /* LaunchScreen.storyboard */,
				0F7E504A1F98938800759B65 /* Info.plist */,
			);
			path = StarPedia;
			sourceTree = "<group>";
		};
		0F7E50521F98AA3500759B65 /* Models */ = {
			isa = PBXGroup;
			children = (
				0F7E50571F98B1F300759B65 /* People.swift */,
				E462E93E1FBCC59600801F60 /* Planet.swift */,
			);
			path = Models;
			sourceTree = "<group>";
		};
		0F7E50531F98AA4700759B65 /* Controllers */ = {
			isa = PBXGroup;
			children = (
				0F7E50401F98938800759B65 /* ViewController.swift */,
				0F54328B1F9A021B007B8C3D /* HeroDetailViewController.swift */,
				E462E9401FBCC62500801F60 /* ListPlanetController.swift */,
				E4398F251FC5DC4B0086E41F /* PlanetDetailedController.swift */,
			);
			path = Controllers;
			sourceTree = "<group>";
		};
		655187EFBBFCB1146FAB2F80 /* Pods */ = {
			isa = PBXGroup;
			children = (
				EFCCD1A2381323A7DDDDBC44 /* Pods-StarPedia.debug.xcconfig */,
				59BAF859255AF15B9C96F2CA /* Pods-StarPedia.release.xcconfig */,
			);
			name = Pods;
			sourceTree = "<group>";
		};
		F72F7D1D290228B9FB15FF3C /* Frameworks */ = {
			isa = PBXGroup;
			children = (
				F7285BDC4E22A7A3C4558D94 /* Pods_StarPedia.framework */,
			);
			name = Frameworks;
			sourceTree = "<group>";
		};
/* End PBXGroup section */

/* Begin PBXNativeTarget section */
		0F7E503A1F98938800759B65 /* StarPedia */ = {
			isa = PBXNativeTarget;
			buildConfigurationList = 0F7E504D1F98938800759B65 /* Build configuration list for PBXNativeTarget "StarPedia" */;
			buildPhases = (
				4A8B7D986AF17FB13DA00B13 /* [CP] Check Pods Manifest.lock */,
				0F7E50371F98938800759B65 /* Sources */,
				0F7E50381F98938800759B65 /* Frameworks */,
				0F7E50391F98938800759B65 /* Resources */,
				B37AEBE6E38AD686DED6942C /* [CP] Embed Pods Frameworks */,
				62845A8454449FDB28575AA7 /* [CP] Copy Pods Resources */,
			);
			buildRules = (
			);
			dependencies = (
			);
			name = StarPedia;
			productName = StarPedia;
			productReference = 0F7E503B1F98938800759B65 /* StarPedia.app */;
			productType = "com.apple.product-type.application";
		};
/* End PBXNativeTarget section */

/* Begin PBXProject section */
		0F7E50331F98938700759B65 /* Project object */ = {
			isa = PBXProject;
			attributes = {
				LastSwiftUpdateCheck = 0900;
				LastUpgradeCheck = 0900;
				ORGANIZATIONNAME = WSF;
				TargetAttributes = {
					0F7E503A1F98938800759B65 = {
						CreatedOnToolsVersion = 9.0;
						ProvisioningStyle = Automatic;
					};
				};
			};
			buildConfigurationList = 0F7E50361F98938700759B65 /* Build configuration list for PBXProject "StarPedia" */;
			compatibilityVersion = "Xcode 8.0";
			developmentRegion = en;
			hasScannedForEncodings = 0;
			knownRegions = (
				en,
				Base,
			);
			mainGroup = 0F7E50321F98938700759B65;
			productRefGroup = 0F7E503C1F98938800759B65 /* Products */;
			projectDirPath = "";
			projectRoot = "";
			targets = (
				0F7E503A1F98938800759B65 /* StarPedia */,
			);
		};
/* End PBXProject section */

/* Begin PBXResourcesBuildPhase section */
		0F7E50391F98938800759B65 /* Resources */ = {
			isa = PBXResourcesBuildPhase;
			buildActionMask = 2147483647;
			files = (
				0F7E50491F98938800759B65 /* LaunchScreen.storyboard in Resources */,
				0F7E50461F98938800759B65 /* Assets.xcassets in Resources */,
				0F7E50441F98938800759B65 /* Main.storyboard in Resources */,
			);
			runOnlyForDeploymentPostprocessing = 0;
		};
/* End PBXResourcesBuildPhase section */

/* Begin PBXShellScriptBuildPhase section */
		4A8B7D986AF17FB13DA00B13 /* [CP] Check Pods Manifest.lock */ = {
			isa = PBXShellScriptBuildPhase;
			buildActionMask = 2147483647;
			files = (
			);
			inputPaths = (
				"${PODS_PODFILE_DIR_PATH}/Podfile.lock",
				"${PODS_ROOT}/Manifest.lock",
			);
			name = "[CP] Check Pods Manifest.lock";
			outputPaths = (
				"$(DERIVED_FILE_DIR)/Pods-StarPedia-checkManifestLockResult.txt",
			);
			runOnlyForDeploymentPostprocessing = 0;
			shellPath = /bin/sh;
			shellScript = "diff \"${PODS_PODFILE_DIR_PATH}/Podfile.lock\" \"${PODS_ROOT}/Manifest.lock\" > /dev/null\nif [ $? != 0 ] ; then\n    # print error to STDERR\n    echo \"error: The sandbox is not in sync with the Podfile.lock. Run 'pod install' or update your CocoaPods installation.\" >&2\n    exit 1\nfi\n# This output is used by Xcode 'outputs' to avoid re-running this script phase.\necho \"SUCCESS\" > \"${SCRIPT_OUTPUT_FILE_0}\"\n";
			showEnvVarsInLog = 0;
		};
		62845A8454449FDB28575AA7 /* [CP] Copy Pods Resources */ = {
			isa = PBXShellScriptBuildPhase;
			buildActionMask = 2147483647;
			files = (
			);
			inputPaths = (
			);
			name = "[CP] Copy Pods Resources";
			outputPaths = (
			);
			runOnlyForDeploymentPostprocessing = 0;
			shellPath = /bin/sh;
			shellScript = "\"${SRCROOT}/Pods/Target Support Files/Pods-StarPedia/Pods-StarPedia-resources.sh\"\n";
			showEnvVarsInLog = 0;
		};
		B37AEBE6E38AD686DED6942C /* [CP] Embed Pods Frameworks */ = {
			isa = PBXShellScriptBuildPhase;
			buildActionMask = 2147483647;
			files = (
			);
			inputPaths = (
				"${SRCROOT}/Pods/Target Support Files/Pods-StarPedia/Pods-StarPedia-frameworks.sh",
				"${BUILT_PRODUCTS_DIR}/Alamofire/Alamofire.framework",
				"${BUILT_PRODUCTS_DIR}/Kingfisher/Kingfisher.framework",
				"${BUILT_PRODUCTS_DIR}/Realm/Realm.framework",
				"${BUILT_PRODUCTS_DIR}/RealmSwift/RealmSwift.framework",
			);
			name = "[CP] Embed Pods Frameworks";
			outputPaths = (
				"${TARGET_BUILD_DIR}/${FRAMEWORKS_FOLDER_PATH}/Alamofire.framework",
				"${TARGET_BUILD_DIR}/${FRAMEWORKS_FOLDER_PATH}/Kingfisher.framework",
				"${TARGET_BUILD_DIR}/${FRAMEWORKS_FOLDER_PATH}/Realm.framework",
				"${TARGET_BUILD_DIR}/${FRAMEWORKS_FOLDER_PATH}/RealmSwift.framework",
			);
			runOnlyForDeploymentPostprocessing = 0;
			shellPath = /bin/sh;
			shellScript = "\"${SRCROOT}/Pods/Target Support Files/Pods-StarPedia/Pods-StarPedia-frameworks.sh\"\n";
			showEnvVarsInLog = 0;
		};
/* End PBXShellScriptBuildPhase section */

/* Begin PBXSourcesBuildPhase section */
		0F7E50371F98938800759B65 /* Sources */ = {
			isa = PBXSourcesBuildPhase;
			buildActionMask = 2147483647;
			files = (
				0F7E50581F98B1F300759B65 /* People.swift in Sources */,
				E462E93F1FBCC59600801F60 /* Planet.swift in Sources */,
				0F54328C1F9A021B007B8C3D /* HeroDetailViewController.swift in Sources */,
				0F7E50411F98938800759B65 /* ViewController.swift in Sources */,
				E462E9411FBCC62500801F60 /* ListPlanetController.swift in Sources */,
				E4398F261FC5DC4B0086E41F /* PlanetDetailedController.swift in Sources */,
				0F7E503F1F98938800759B65 /* AppDelegate.swift in Sources */,
				0F7E50551F98AFE200759B65 /* Constants.swift in Sources */,
			);
			runOnlyForDeploymentPostprocessing = 0;
		};
/* End PBXSourcesBuildPhase section */

/* Begin PBXVariantGroup section */
		0F7E50421F98938800759B65 /* Main.storyboard */ = {
			isa = PBXVariantGroup;
			children = (
				0F7E50431F98938800759B65 /* Base */,
			);
			name = Main.storyboard;
			sourceTree = "<group>";
		};
		0F7E50471F98938800759B65 /* LaunchScreen.storyboard */ = {
			isa = PBXVariantGroup;
			children = (
				0F7E50481F98938800759B65 /* Base */,
			);
			name = LaunchScreen.storyboard;
			sourceTree = "<group>";
		};
/* End PBXVariantGroup section */

/* Begin XCBuildConfiguration section */
		0F7E504B1F98938800759B65 /* Debug */ = {
			isa = XCBuildConfiguration;
			buildSettings = {
				ALWAYS_SEARCH_USER_PATHS = NO;
				CLANG_ANALYZER_NONNULL = YES;
				CLANG_ANALYZER_NUMBER_OBJECT_CONVERSION = YES_AGGRESSIVE;
				CLANG_CXX_LANGUAGE_STANDARD = "gnu++14";
				CLANG_CXX_LIBRARY = "libc++";
				CLANG_ENABLE_MODULES = YES;
				CLANG_ENABLE_OBJC_ARC = YES;
				CLANG_WARN_BLOCK_CAPTURE_AUTORELEASING = YES;
				CLANG_WARN_BOOL_CONVERSION = YES;
				CLANG_WARN_COMMA = YES;
				CLANG_WARN_CONSTANT_CONVERSION = YES;
				CLANG_WARN_DIRECT_OBJC_ISA_USAGE = YES_ERROR;
				CLANG_WARN_DOCUMENTATION_COMMENTS = YES;
				CLANG_WARN_EMPTY_BODY = YES;
				CLANG_WARN_ENUM_CONVERSION = YES;
				CLANG_WARN_INFINITE_RECURSION = YES;
				CLANG_WARN_INT_CONVERSION = YES;
				CLANG_WARN_NON_LITERAL_NULL_CONVERSION = YES;
				CLANG_WARN_OBJC_LITERAL_CONVERSION = YES;
				CLANG_WARN_OBJC_ROOT_CLASS = YES_ERROR;
				CLANG_WARN_RANGE_LOOP_ANALYSIS = YES;
				CLANG_WARN_STRICT_PROTOTYPES = YES;
				CLANG_WARN_SUSPICIOUS_MOVE = YES;
				CLANG_WARN_UNGUARDED_AVAILABILITY = YES_AGGRESSIVE;
				CLANG_WARN_UNREACHABLE_CODE = YES;
				CLANG_WARN__DUPLICATE_METHOD_MATCH = YES;
				CODE_SIGN_IDENTITY = "iPhone Developer";
				COPY_PHASE_STRIP = NO;
				DEBUG_INFORMATION_FORMAT = dwarf;
				ENABLE_STRICT_OBJC_MSGSEND = YES;
				ENABLE_TESTABILITY = YES;
				GCC_C_LANGUAGE_STANDARD = gnu11;
				GCC_DYNAMIC_NO_PIC = NO;
				GCC_NO_COMMON_BLOCKS = YES;
				GCC_OPTIMIZATION_LEVEL = 0;
				GCC_PREPROCESSOR_DEFINITIONS = (
					"DEBUG=1",
					"$(inherited)",
				);
				GCC_WARN_64_TO_32_BIT_CONVERSION = YES;
				GCC_WARN_ABOUT_RETURN_TYPE = YES_ERROR;
				GCC_WARN_UNDECLARED_SELECTOR = YES;
				GCC_WARN_UNINITIALIZED_AUTOS = YES_AGGRESSIVE;
				GCC_WARN_UNUSED_FUNCTION = YES;
				GCC_WARN_UNUSED_VARIABLE = YES;
				IPHONEOS_DEPLOYMENT_TARGET = 11.0;
				MTL_ENABLE_DEBUG_INFO = YES;
				ONLY_ACTIVE_ARCH = YES;
				SDKROOT = iphoneos;
				SWIFT_ACTIVE_COMPILATION_CONDITIONS = DEBUG;
				SWIFT_OPTIMIZATION_LEVEL = "-Onone";
			};
			name = Debug;
		};
		0F7E504C1F98938800759B65 /* Release */ = {
			isa = XCBuildConfiguration;
			buildSettings = {
				ALWAYS_SEARCH_USER_PATHS = NO;
				CLANG_ANALYZER_NONNULL = YES;
				CLANG_ANALYZER_NUMBER_OBJECT_CONVERSION = YES_AGGRESSIVE;
				CLANG_CXX_LANGUAGE_STANDARD = "gnu++14";
				CLANG_CXX_LIBRARY = "libc++";
				CLANG_ENABLE_MODULES = YES;
				CLANG_ENABLE_OBJC_ARC = YES;
				CLANG_WARN_BLOCK_CAPTURE_AUTORELEASING = YES;
				CLANG_WARN_BOOL_CONVERSION = YES;
				CLANG_WARN_COMMA = YES;
				CLANG_WARN_CONSTANT_CONVERSION = YES;
				CLANG_WARN_DIRECT_OBJC_ISA_USAGE = YES_ERROR;
				CLANG_WARN_DOCUMENTATION_COMMENTS = YES;
				CLANG_WARN_EMPTY_BODY = YES;
				CLANG_WARN_ENUM_CONVERSION = YES;
				CLANG_WARN_INFINITE_RECURSION = YES;
				CLANG_WARN_INT_CONVERSION = YES;
				CLANG_WARN_NON_LITERAL_NULL_CONVERSION = YES;
				CLANG_WARN_OBJC_LITERAL_CONVERSION = YES;
				CLANG_WARN_OBJC_ROOT_CLASS = YES_ERROR;
				CLANG_WARN_RANGE_LOOP_ANALYSIS = YES;
				CLANG_WARN_STRICT_PROTOTYPES = YES;
				CLANG_WARN_SUSPICIOUS_MOVE = YES;
				CLANG_WARN_UNGUARDED_AVAILABILITY = YES_AGGRESSIVE;
				CLANG_WARN_UNREACHABLE_CODE = YES;
				CLANG_WARN__DUPLICATE_METHOD_MATCH = YES;
				CODE_SIGN_IDENTITY = "iPhone Developer";
				COPY_PHASE_STRIP = NO;
				DEBUG_INFORMATION_FORMAT = "dwarf-with-dsym";
				ENABLE_NS_ASSERTIONS = NO;
				ENABLE_STRICT_OBJC_MSGSEND = YES;
				GCC_C_LANGUAGE_STANDARD = gnu11;
				GCC_NO_COMMON_BLOCKS = YES;
				GCC_WARN_64_TO_32_BIT_CONVERSION = YES;
				GCC_WARN_ABOUT_RETURN_TYPE = YES_ERROR;
				GCC_WARN_UNDECLARED_SELECTOR = YES;
				GCC_WARN_UNINITIALIZED_AUTOS = YES_AGGRESSIVE;
				GCC_WARN_UNUSED_FUNCTION = YES;
				GCC_WARN_UNUSED_VARIABLE = YES;
				IPHONEOS_DEPLOYMENT_TARGET = 11.0;
				MTL_ENABLE_DEBUG_INFO = NO;
				SDKROOT = iphoneos;
				SWIFT_OPTIMIZATION_LEVEL = "-Owholemodule";
				VALIDATE_PRODUCT = YES;
			};
			name = Release;
		};
		0F7E504E1F98938800759B65 /* Debug */ = {
			isa = XCBuildConfiguration;
			baseConfigurationReference = EFCCD1A2381323A7DDDDBC44 /* Pods-StarPedia.debug.xcconfig */;
			buildSettings = {
				ASSETCATALOG_COMPILER_APPICON_NAME = AppIcon;
				CODE_SIGN_STYLE = Automatic;
				DEVELOPMENT_TEAM = YLEKY4JP87;
				INFOPLIST_FILE = StarPedia/Info.plist;
				LD_RUNPATH_SEARCH_PATHS = "$(inherited) @executable_path/Frameworks";
				PRODUCT_BUNDLE_IDENTIFIER = com.omts.StarPedia;
				PRODUCT_NAME = "$(TARGET_NAME)";
				SWIFT_VERSION = 4.0;
				TARGETED_DEVICE_FAMILY = "1,2";
			};
			name = Debug;
		};
		0F7E504F1F98938800759B65 /* Release */ = {
			isa = XCBuildConfiguration;
			baseConfigurationReference = 59BAF859255AF15B9C96F2CA /* Pods-StarPedia.release.xcconfig */;
			buildSettings = {
				ASSETCATALOG_COMPILER_APPICON_NAME = AppIcon;
				CODE_SIGN_STYLE = Automatic;
				DEVELOPMENT_TEAM = YLEKY4JP87;
				INFOPLIST_FILE = StarPedia/Info.plist;
				LD_RUNPATH_SEARCH_PATHS = "$(inherited) @executable_path/Frameworks";
				PRODUCT_BUNDLE_IDENTIFIER = com.omts.StarPedia;
				PRODUCT_NAME = "$(TARGET_NAME)";
				SWIFT_VERSION = 4.0;
				TARGETED_DEVICE_FAMILY = "1,2";
			};
			name = Release;
		};
/* End XCBuildConfiguration section */

/* Begin XCConfigurationList section */
		0F7E50361F98938700759B65 /* Build configuration list for PBXProject "StarPedia" */ = {
			isa = XCConfigurationList;
			buildConfigurations = (
				0F7E504B1F98938800759B65 /* Debug */,
				0F7E504C1F98938800759B65 /* Release */,
			);
			defaultConfigurationIsVisible = 0;
			defaultConfigurationName = Release;
		};
		0F7E504D1F98938800759B65 /* Build configuration list for PBXNativeTarget "StarPedia" */ = {
			isa = XCConfigurationList;
			buildConfigurations = (
				0F7E504E1F98938800759B65 /* Debug */,
				0F7E504F1F98938800759B65 /* Release */,
			);
			defaultConfigurationIsVisible = 0;
			defaultConfigurationName = Release;
		};
/* End XCConfigurationList section */
	};
	rootObject = 0F7E50331F98938700759B65 /* Project object */;
}
